
Microsoft Visual Studio Solution File, Format Version 12.00
# Visual Studio Version 16
VisualStudioVersion = 16.0.33927.289
MinimumVisualStudioVersion = 10.0.40219.1
Project("{2150E333-8FDC-42A3-9474-1A3956D46DE8}") = "Task0", "Task0", "{1DAAE4A6-6DB0-4D8B-93CE-0110D8855AEA}"
EndProject
Project("{FAE04EC0-301F-11D3-BF4B-00C04F79EFBC}") = "Tyuiu.KupriyanovEA.Sprint2.Task0.V8", "Tyuiu.KupriyanovEA.Sprint2.Task0.V8\Tyuiu.KupriyanovEA.Sprint2.Task0.V8.csproj", "{1DFF1F95-3BED-4414-B103-EA5BDE1B0617}"
EndProject
Project("{FAE04EC0-301F-11D3-BF4B-00C04F79EFBC}") = "Tyuiu.KupriyanovEA.Sprint2.Task0.V8.Lib", "Tyuiu.KupriyanovEA.Sprint2.Task0.V8.Lib\Tyuiu.KupriyanovEA.Sprint2.Task0.V8.Lib.csproj", "{B9638C1D-8968-4F86-984E-5FC2EE23349E}"
EndProject
Project("{FAE04EC0-301F-11D3-BF4B-00C04F79EFBC}") = "Tyuiu.KupriyanovEA.Sprint2.Task0.V8.Test", "Tyuiu.KupriyanovEA.Sprint2.Task0.V8.Test\Tyuiu.KupriyanovEA.Sprint2.Task0.V8.Test.csproj", "{FA882BAB-EF86-435B-97DA-6EE11F4A540D}"
EndProject
Project("{2150E333-8FDC-42A3-9474-1A3956D46DE8}") = "Task1", "Task1", "{A825719E-BC12-4513-87FF-B79A178BA144}"
EndProject
Project("{FAE04EC0-301F-11D3-BF4B-00C04F79EFBC}") = "Tyuiu.KupriyanovEA.Sprint2.Task1.V11", "Tyuiu.KupriyanovEA.Sprint2.Task1.V11\Tyuiu.KupriyanovEA.Sprint2.Task1.V11.csproj", "{BA4B82EF-8697-4977-86C9-5AC763C0D405}"
EndProject
Project("{FAE04EC0-301F-11D3-BF4B-00C04F79EFBC}") = "Tyuiu.KupriyanovEA.Sprint2.Task1.V11.Lib", "Tyuiu.KupriyanovEA.Sprint2.Task1.V11.Lib\Tyuiu.KupriyanovEA.Sprint2.Task1.V11.Lib.csproj", "{20938573-10F9-4B7C-9100-DA633F2EB197}"
EndProject
Project("{FAE04EC0-301F-11D3-BF4B-00C04F79EFBC}") = "Tyuiu.KupriyanovEA.Sprint2.Task1.V11.Test", "Tyuiu.KupriyanovEA.Sprint2.Task1.V11.Test\Tyuiu.KupriyanovEA.Sprint2.Task1.V11.Test.csproj", "{909AF092-853C-421B-B64D-92E3B8F40B91}"
EndProject
Project("{2150E333-8FDC-42A3-9474-1A3956D46DE8}") = "Task2", "Task2", "{46729555-D5EF-40D4-923D-B9072938A314}"
EndProject
Project("{FAE04EC0-301F-11D3-BF4B-00C04F79EFBC}") = "Tyuiu.KupriyanovEA.Sprint2.Task2.V11", "Tyuiu.KupriyanovEA.Sprint2.Task2.V11\Tyuiu.KupriyanovEA.Sprint2.Task2.V11.csproj", "{C6CD3DF5-72BE-4B31-A877-8694D6729DAE}"
EndProject
Project("{FAE04EC0-301F-11D3-BF4B-00C04F79EFBC}") = "Tyuiu.KupriyanovEA.Sprint2.Task2.V11.Lib", "Tyuiu.KupriyanovEA.Sprint2.Task2.V11.Lib\Tyuiu.KupriyanovEA.Sprint2.Task2.V11.Lib.csproj", "{38AA121A-492D-46AD-B170-F3BEE3B22AAF}"
EndProject
Project("{FAE04EC0-301F-11D3-BF4B-00C04F79EFBC}") = "Tyuiu.KupriyanovEA.Sprint2.Task2.V11.Test", "Tyuiu.KupriyanovEA.Sprint2.Task2.V11.Test\Tyuiu.KupriyanovEA.Sprint2.Task2.V11.Test.csproj", "{231D0E4E-49A3-41A3-9AC1-A7D211E692D1}"
EndProject
Project("{2150E333-8FDC-42A3-9474-1A3956D46DE8}") = "Task3", "Task3", "{0E8DDA00-0CDC-4246-AEF6-F8E913E6BEBB}"
EndProject
Project("{FAE04EC0-301F-11D3-BF4B-00C04F79EFBC}") = "Tyuiu.KupriyanovEA.Sprint2.Task3.V28", "Tyuiu.KupriyanovEA.Sprint2.Task3.V28\Tyuiu.KupriyanovEA.Sprint2.Task3.V28.csproj", "{69DE9319-DDC0-43CB-8EAF-60069B80EECB}"
EndProject
Project("{FAE04EC0-301F-11D3-BF4B-00C04F79EFBC}") = "Tyuiu.KupriyanovEA.Sprint2.Task3.V28.Lib", "Tyuiu.KupriyanovEA.Sprint2.Task3.V28.Lib\Tyuiu.KupriyanovEA.Sprint2.Task3.V28.Lib.csproj", "{6CD849BA-B02F-4ACA-8600-3FD28FFC0E88}"
EndProject
Project("{FAE04EC0-301F-11D3-BF4B-00C04F79EFBC}") = "Tyuiu.KupriyanovEA.Sprint2.Task3.V28.Test", "Tyuiu.KupriyanovEA.Sprint2.Task3.V28.Test\Tyuiu.KupriyanovEA.Sprint2.Task3.V28.Test.csproj", "{052C3444-10C5-4EDB-9B1F-C470148396B2}"
EndProject
Project("{2150E333-8FDC-42A3-9474-1A3956D46DE8}") = "Task4", "Task4", "{9E44BAE8-6C8A-4C64-8A72-BA0551A55ACB}"
EndProject
Project("{FAE04EC0-301F-11D3-BF4B-00C04F79EFBC}") = "Tyuiu.KupriyanovEA.Sprint2.Task4.V20", "Tyuiu.KupriyanovEA.Sprint2.Task4.V20\Tyuiu.KupriyanovEA.Sprint2.Task4.V20.csproj", "{A4443252-4FAD-4FA2-B52C-665545046081}"
EndProject
Project("{FAE04EC0-301F-11D3-BF4B-00C04F79EFBC}") = "Tyuiu.KupriyanovEA.Sprint2.Task4.V20.Lib", "Tyuiu.KupriyanovEA.Sprint2.Task4.V20.Lib\Tyuiu.KupriyanovEA.Sprint2.Task4.V20.Lib.csproj", "{2ECB1322-26BA-4B0D-B49B-7C3F698BB4EC}"
EndProject
Project("{FAE04EC0-301F-11D3-BF4B-00C04F79EFBC}") = "Tyuiu.KupriyanovEA.Sprint2.Task4.V20.Test", "Tyuiu.KupriyanovEA.Sprint2.Task4.V20.Test\Tyuiu.KupriyanovEA.Sprint2.Task4.V20.Test.csproj", "{4D98E722-1B58-4C9F-B21F-B41DC1C1FB0B}"
EndProject
Project("{2150E333-8FDC-42A3-9474-1A3956D46DE8}") = "Task5", "Task5", "{9894E89B-FE99-4333-865E-8C7627904238}"
EndProject
Project("{FAE04EC0-301F-11D3-BF4B-00C04F79EFBC}") = "Tyuiu.KupriyanovEA.Sprint2.Task5.V14", "Tyuiu.KupriyanovEA.Sprint2.Task5.V14\Tyuiu.KupriyanovEA.Sprint2.Task5.V14.csproj", "{6A19FB6E-2674-408D-8B05-55F8F583083C}"
EndProject
Project("{FAE04EC0-301F-11D3-BF4B-00C04F79EFBC}") = "Tyuiu.KupriyanovEA.Sprint2.Task5.V14.Lib", "Tyuiu.KupriyanovEA.Sprint2.Task5.V14.Lib\Tyuiu.KupriyanovEA.Sprint2.Task5.V14.Lib.csproj", "{0ACBC8EC-DFCD-4A68-8939-3E1664933EAB}"
EndProject
Project("{FAE04EC0-301F-11D3-BF4B-00C04F79EFBC}") = "Tyuiu.KupriyanovEA.Sprint2.Task5.V14.Test", "Tyuiu.KupriyanovEA.Sprint2.Task5.V14.Test\Tyuiu.KupriyanovEA.Sprint2.Task5.V14.Test.csproj", "{A4443E4F-DA38-4D7D-8E2C-E96DFFECEA52}"
EndProject
Global
	GlobalSection(SolutionConfigurationPlatforms) = preSolution
		Debug|Any CPU = Debug|Any CPU
		Release|Any CPU = Release|Any CPU
	EndGlobalSection
	GlobalSection(ProjectConfigurationPlatforms) = postSolution
		{1DFF1F95-3BED-4414-B103-EA5BDE1B0617}.Debug|Any CPU.ActiveCfg = Debug|Any CPU
		{1DFF1F95-3BED-4414-B103-EA5BDE1B0617}.Debug|Any CPU.Build.0 = Debug|Any CPU
		{1DFF1F95-3BED-4414-B103-EA5BDE1B0617}.Release|Any CPU.ActiveCfg = Release|Any CPU
		{1DFF1F95-3BED-4414-B103-EA5BDE1B0617}.Release|Any CPU.Build.0 = Release|Any CPU
		{B9638C1D-8968-4F86-984E-5FC2EE23349E}.Debug|Any CPU.ActiveCfg = Debug|Any CPU
		{B9638C1D-8968-4F86-984E-5FC2EE23349E}.Debug|Any CPU.Build.0 = Debug|Any CPU
		{B9638C1D-8968-4F86-984E-5FC2EE23349E}.Release|Any CPU.ActiveCfg = Release|Any CPU
		{B9638C1D-8968-4F86-984E-5FC2EE23349E}.Release|Any CPU.Build.0 = Release|Any CPU
		{FA882BAB-EF86-435B-97DA-6EE11F4A540D}.Debug|Any CPU.ActiveCfg = Debug|Any CPU
		{FA882BAB-EF86-435B-97DA-6EE11F4A540D}.Debug|Any CPU.Build.0 = Debug|Any CPU
		{FA882BAB-EF86-435B-97DA-6EE11F4A540D}.Release|Any CPU.ActiveCfg = Release|Any CPU
		{FA882BAB-EF86-435B-97DA-6EE11F4A540D}.Release|Any CPU.Build.0 = Release|Any CPU
		{BA4B82EF-8697-4977-86C9-5AC763C0D405}.Debug|Any CPU.ActiveCfg = Debug|Any CPU
		{BA4B82EF-8697-4977-86C9-5AC763C0D405}.Debug|Any CPU.Build.0 = Debug|Any CPU
		{BA4B82EF-8697-4977-86C9-5AC763C0D405}.Release|Any CPU.ActiveCfg = Release|Any CPU
		{BA4B82EF-8697-4977-86C9-5AC763C0D405}.Release|Any CPU.Build.0 = Release|Any CPU
		{20938573-10F9-4B7C-9100-DA633F2EB197}.Debug|Any CPU.ActiveCfg = Debug|Any CPU
		{20938573-10F9-4B7C-9100-DA633F2EB197}.Debug|Any CPU.Build.0 = Debug|Any CPU
		{20938573-10F9-4B7C-9100-DA633F2EB197}.Release|Any CPU.ActiveCfg = Release|Any CPU
		{20938573-10F9-4B7C-9100-DA633F2EB197}.Release|Any CPU.Build.0 = Release|Any CPU
		{909AF092-853C-421B-B64D-92E3B8F40B91}.Debug|Any CPU.ActiveCfg = Debug|Any CPU
		{909AF092-853C-421B-B64D-92E3B8F40B91}.Debug|Any CPU.Build.0 = Debug|Any CPU
		{909AF092-853C-421B-B64D-92E3B8F40B91}.Release|Any CPU.ActiveCfg = Release|Any CPU
		{909AF092-853C-421B-B64D-92E3B8F40B91}.Release|Any CPU.Build.0 = Release|Any CPU
		{C6CD3DF5-72BE-4B31-A877-8694D6729DAE}.Debug|Any CPU.ActiveCfg = Debug|Any CPU
		{C6CD3DF5-72BE-4B31-A877-8694D6729DAE}.Debug|Any CPU.Build.0 = Debug|Any CPU
		{C6CD3DF5-72BE-4B31-A877-8694D6729DAE}.Release|Any CPU.ActiveCfg = Release|Any CPU
		{C6CD3DF5-72BE-4B31-A877-8694D6729DAE}.Release|Any CPU.Build.0 = Release|Any CPU
		{38AA121A-492D-46AD-B170-F3BEE3B22AAF}.Debug|Any CPU.ActiveCfg = Debug|Any CPU
		{38AA121A-492D-46AD-B170-F3BEE3B22AAF}.Debug|Any CPU.Build.0 = Debug|Any CPU
		{38AA121A-492D-46AD-B170-F3BEE3B22AAF}.Release|Any CPU.ActiveCfg = Release|Any CPU
		{38AA121A-492D-46AD-B170-F3BEE3B22AAF}.Release|Any CPU.Build.0 = Release|Any CPU
		{231D0E4E-49A3-41A3-9AC1-A7D211E692D1}.Debug|Any CPU.ActiveCfg = Debug|Any CPU
		{231D0E4E-49A3-41A3-9AC1-A7D211E692D1}.Debug|Any CPU.Build.0 = Debug|Any CPU
		{231D0E4E-49A3-41A3-9AC1-A7D211E692D1}.Release|Any CPU.ActiveCfg = Release|Any CPU
		{231D0E4E-49A3-41A3-9AC1-A7D211E692D1}.Release|Any CPU.Build.0 = Release|Any CPU
		{69DE9319-DDC0-43CB-8EAF-60069B80EECB}.Debug|Any CPU.ActiveCfg = Debug|Any CPU
		{69DE9319-DDC0-43CB-8EAF-60069B80EECB}.Debug|Any CPU.Build.0 = Debug|Any CPU
		{69DE9319-DDC0-43CB-8EAF-60069B80EECB}.Release|Any CPU.ActiveCfg = Release|Any CPU
		{69DE9319-DDC0-43CB-8EAF-60069B80EECB}.Release|Any CPU.Build.0 = Release|Any CPU
		{6CD849BA-B02F-4ACA-8600-3FD28FFC0E88}.Debug|Any CPU.ActiveCfg = Debug|Any CPU
		{6CD849BA-B02F-4ACA-8600-3FD28FFC0E88}.Debug|Any CPU.Build.0 = Debug|Any CPU
		{6CD849BA-B02F-4ACA-8600-3FD28FFC0E88}.Release|Any CPU.ActiveCfg = Release|Any CPU
		{6CD849BA-B02F-4ACA-8600-3FD28FFC0E88}.Release|Any CPU.Build.0 = Release|Any CPU
		{052C3444-10C5-4EDB-9B1F-C470148396B2}.Debug|Any CPU.ActiveCfg = Debug|Any CPU
		{052C3444-10C5-4EDB-9B1F-C470148396B2}.Debug|Any CPU.Build.0 = Debug|Any CPU
		{052C3444-10C5-4EDB-9B1F-C470148396B2}.Release|Any CPU.ActiveCfg = Release|Any CPU
		{052C3444-10C5-4EDB-9B1F-C470148396B2}.Release|Any CPU.Build.0 = Release|Any CPU
		{A4443252-4FAD-4FA2-B52C-665545046081}.Debug|Any CPU.ActiveCfg = Debug|Any CPU
		{A4443252-4FAD-4FA2-B52C-665545046081}.Debug|Any CPU.Build.0 = Debug|Any CPU
		{A4443252-4FAD-4FA2-B52C-665545046081}.Release|Any CPU.ActiveCfg = Release|Any CPU
		{A4443252-4FAD-4FA2-B52C-665545046081}.Release|Any CPU.Build.0 = Release|Any CPU
		{2ECB1322-26BA-4B0D-B49B-7C3F698BB4EC}.Debug|Any CPU.ActiveCfg = Debug|Any CPU
		{2ECB1322-26BA-4B0D-B49B-7C3F698BB4EC}.Debug|Any CPU.Build.0 = Debug|Any CPU
		{2ECB1322-26BA-4B0D-B49B-7C3F698BB4EC}.Release|Any CPU.ActiveCfg = Release|Any CPU
		{2ECB1322-26BA-4B0D-B49B-7C3F698BB4EC}.Release|Any CPU.Build.0 = Release|Any CPU
		{4D98E722-1B58-4C9F-B21F-B41DC1C1FB0B}.Debug|Any CPU.ActiveCfg = Debug|Any CPU
		{4D98E722-1B58-4C9F-B21F-B41DC1C1FB0B}.Debug|Any CPU.Build.0 = Debug|Any CPU
		{4D98E722-1B58-4C9F-B21F-B41DC1C1FB0B}.Release|Any CPU.ActiveCfg = Release|Any CPU
		{4D98E722-1B58-4C9F-B21F-B41DC1C1FB0B}.Release|Any CPU.Build.0 = Release|Any CPU
		{6A19FB6E-2674-408D-8B05-55F8F583083C}.Debug|Any CPU.ActiveCfg = Debug|Any CPU
		{6A19FB6E-2674-408D-8B05-55F8F583083C}.Debug|Any CPU.Build.0 = Debug|Any CPU
		{6A19FB6E-2674-408D-8B05-55F8F583083C}.Release|Any CPU.ActiveCfg = Release|Any CPU
		{6A19FB6E-2674-408D-8B05-55F8F583083C}.Release|Any CPU.Build.0 = Release|Any CPU
		{0ACBC8EC-DFCD-4A68-8939-3E1664933EAB}.Debug|Any CPU.ActiveCfg = Debug|Any CPU
		{0ACBC8EC-DFCD-4A68-8939-3E1664933EAB}.Debug|Any CPU.Build.0 = Debug|Any CPU
		{0ACBC8EC-DFCD-4A68-8939-3E1664933EAB}.Release|Any CPU.ActiveCfg = Release|Any CPU
		{0ACBC8EC-DFCD-4A68-8939-3E1664933EAB}.Release|Any CPU.Build.0 = Release|Any CPU
		{A4443E4F-DA38-4D7D-8E2C-E96DFFECEA52}.Debug|Any CPU.ActiveCfg = Debug|Any CPU
		{A4443E4F-DA38-4D7D-8E2C-E96DFFECEA52}.Debug|Any CPU.Build.0 = Debug|Any CPU
		{A4443E4F-DA38-4D7D-8E2C-E96DFFECEA52}.Release|Any CPU.ActiveCfg = Release|Any CPU
		{A4443E4F-DA38-4D7D-8E2C-E96DFFECEA52}.Release|Any CPU.Build.0 = Release|Any CPU
	EndGlobalSection
	GlobalSection(SolutionProperties) = preSolution
		HideSolutionNode = FALSE
	EndGlobalSection
	GlobalSection(NestedProjects) = preSolution
		{1DFF1F95-3BED-4414-B103-EA5BDE1B0617} = {1DAAE4A6-6DB0-4D8B-93CE-0110D8855AEA}
		{B9638C1D-8968-4F86-984E-5FC2EE23349E} = {1DAAE4A6-6DB0-4D8B-93CE-0110D8855AEA}
		{FA882BAB-EF86-435B-97DA-6EE11F4A540D} = {1DAAE4A6-6DB0-4D8B-93CE-0110D8855AEA}
		{BA4B82EF-8697-4977-86C9-5AC763C0D405} = {A825719E-BC12-4513-87FF-B79A178BA144}
		{20938573-10F9-4B7C-9100-DA633F2EB197} = {A825719E-BC12-4513-87FF-B79A178BA144}
		{909AF092-853C-421B-B64D-92E3B8F40B91} = {A825719E-BC12-4513-87FF-B79A178BA144}
		{C6CD3DF5-72BE-4B31-A877-8694D6729DAE} = {46729555-D5EF-40D4-923D-B9072938A314}
		{38AA121A-492D-46AD-B170-F3BEE3B22AAF} = {46729555-D5EF-40D4-923D-B9072938A314}
		{231D0E4E-49A3-41A3-9AC1-A7D211E692D1} = {46729555-D5EF-40D4-923D-B9072938A314}
		{69DE9319-DDC0-43CB-8EAF-60069B80EECB} = {0E8DDA00-0CDC-4246-AEF6-F8E913E6BEBB}
		{6CD849BA-B02F-4ACA-8600-3FD28FFC0E88} = {0E8DDA00-0CDC-4246-AEF6-F8E913E6BEBB}
		{052C3444-10C5-4EDB-9B1F-C470148396B2} = {0E8DDA00-0CDC-4246-AEF6-F8E913E6BEBB}
		{A4443252-4FAD-4FA2-B52C-665545046081} = {9E44BAE8-6C8A-4C64-8A72-BA0551A55ACB}
		{2ECB1322-26BA-4B0D-B49B-7C3F698BB4EC} = {9E44BAE8-6C8A-4C64-8A72-BA0551A55ACB}
		{4D98E722-1B58-4C9F-B21F-B41DC1C1FB0B} = {9E44BAE8-6C8A-4C64-8A72-BA0551A55ACB}
		{6A19FB6E-2674-408D-8B05-55F8F583083C} = {9894E89B-FE99-4333-865E-8C7627904238}
		{0ACBC8EC-DFCD-4A68-8939-3E1664933EAB} = {9894E89B-FE99-4333-865E-8C7627904238}
		{A4443E4F-DA38-4D7D-8E2C-E96DFFECEA52} = {9894E89B-FE99-4333-865E-8C7627904238}
	EndGlobalSection
	GlobalSection(ExtensibilityGlobals) = postSolution
		SolutionGuid = {B4D4EBA4-A9D0-40B9-93B0-0567136ABD26}
	EndGlobalSection
EndGlobal
